
Microsoft Visual Studio Solution File, Format Version 11.00
# Visual Studio 2010
Project("{FAE04EC0-301F-11D3-BF4B-00C04F79EFBC}") = "Homework2", "Homework2\Homework2.csproj", "{5122E8E6-0FEA-4B08-8F75-48F29B7301DB}"
EndProject
Global
	GlobalSection(SolutionConfigurationPlatforms) = preSolution
		Debug|Any CPU = Debug|Any CPU
		Release|Any CPU = Release|Any CPU
	EndGlobalSection
	GlobalSection(ProjectConfigurationPlatforms) = postSolution
		{5122E8E6-0FEA-4B08-8F75-48F29B7301DB}.Debug|Any CPU.ActiveCfg = Debug|Any CPU
		{5122E8E6-0FEA-4B08-8F75-48F29B7301DB}.Debug|Any CPU.Build.0 = Debug|Any CPU
		{5122E8E6-0FEA-4B08-8F75-48F29B7301DB}.Debug|Any CPU.Deploy.0 = Debug|Any CPU
		{5122E8E6-0FEA-4B08-8F75-48F29B7301DB}.Release|Any CPU.ActiveCfg = Release|Any CPU
		{5122E8E6-0FEA-4B08-8F75-48F29B7301DB}.Release|Any CPU.Build.0 = Release|Any CPU
		{5122E8E6-0FEA-4B08-8F75-48F29B7301DB}.Release|Any CPU.Deploy.0 = Release|Any CPU
	EndGlobalSection
	GlobalSection(SolutionProperties) = preSolution
		HideSolutionNode = FALSE
	EndGlobalSection
EndGlobal
